{"targetPathsHash":"2d0f3446b8c2d58f089a6d10880e7225a6101fd1","dependencies":[],"configHash":"e5948b9ac666f6ef6dc6b081de0e110dd8add1ee","productModuleName":"Vault","sourceFilePaths":[{"path":"\/Users\/austin\/Documents\/Vault-macos\/Vault\/Vault\/ContentView.swift","hash":"83ee97d5e834aba4acfd125759fb7f23254da8e6"},{"path":"\/Users\/austin\/Documents\/Vault-macos\/Vault\/Vault\/Item.swift","hash":"9ae3ef4192e239e87830e090eff6f11b2e9d1c9d"},{"path":"\/Users\/austin\/Documents\/Vault-macos\/Vault\/Vault\/Services\/HotkeyLoop.swift","hash":"a230562cdb4143478531f1318fa254ca17ed8e5b"},{"hash":"6a17fc5dd48df08ab4352658812b55205821fdd9","path":"\/Users\/austin\/Documents\/Vault-macos\/Vault\/Vault\/VaultApp.swift"}],"dependencyPathsHash":"51e4459054a031721b2b35f09037c09d785c9ab6","cliVersion":"0.20.0","projectHash":"26b68c062254170c461a5293fe3590c66be94431","name":"Vault","sourceRoot":"\/Users\/austin\/Documents\/Vault-macos\/Vault","mockedTypesHash":"da39a3ee5e6b4b0d3255bfef95601890afd80709","outputHash":"06cab68b28712bc313ff22e675038ee5d47579a4","supportingFilePaths":[{"path":"\/Users\/austin\/Documents\/Vault-macos\/Vault\/MockingbirdSupport\/AppKit\/NSResponder.swift","hash":"21296949c6d570892c8665a450e62c234c938790"},{"hash":"85b3183be144012a7e105e292426c3d9f8966072","path":"\/Users\/austin\/Documents\/Vault-macos\/Vault\/MockingbirdSupport\/AppKit\/NSView.swift"},{"path":"\/Users\/austin\/Documents\/Vault-macos\/Vault\/MockingbirdSupport\/AppKit\/NSViewController.swift","hash":"d8785e8a119f2723c8840534df0ad8ac61409797"},{"hash":"cf466772b8c2d80d31f34b93b501b398fbb8854d","path":"\/Users\/austin\/Documents\/Vault-macos\/Vault\/MockingbirdSupport\/Foundation\/ObjectiveC\/NSObject.swift"},{"path":"\/Users\/austin\/Documents\/Vault-macos\/Vault\/MockingbirdSupport\/Foundation\/ObjectiveC\/NSObject.swift","hash":"cf466772b8c2d80d31f34b93b501b398fbb8854d"},{"path":"\/Users\/austin\/Documents\/Vault-macos\/Vault\/MockingbirdSupport\/Swift\/Codable.swift","hash":"57675d8b36a2db7b093b3542bd3225a88992c3bc"},{"hash":"d0d110744eeaf2f8fdd2f8a41df3452f35286bb7","path":"\/Users\/austin\/Documents\/Vault-macos\/Vault\/MockingbirdSupport\/Swift\/Comparable.swift"},{"hash":"2e7674f4e23a5ab7aef45b91b63c0ed5934c3b83","path":"\/Users\/austin\/Documents\/Vault-macos\/Vault\/MockingbirdSupport\/Swift\/Equatable.swift"},{"path":"\/Users\/austin\/Documents\/Vault-macos\/Vault\/MockingbirdSupport\/Swift\/Hashable.swift","hash":"f59ec249aa03e312f2bda7c3b397c0dccd880a21"},{"hash":"c139249ec5799f1ec64c3d9e7d8c1f286b894035","path":"\/Users\/austin\/Documents\/Vault-macos\/Vault\/MockingbirdSupport\/Swift\/Misc.swift"},{"path":"\/Users\/austin\/Documents\/Vault-macos\/Vault\/MockingbirdSupport\/UIKit\/UIControl.swift","hash":"9363a4c38002598dbbc1198f16fe7198b8151d24"},{"hash":"e26a734695bfe008598ed0d8c936683db78f40ac","path":"\/Users\/austin\/Documents\/Vault-macos\/Vault\/MockingbirdSupport\/UIKit\/UILabel.swift"},{"path":"\/Users\/austin\/Documents\/Vault-macos\/Vault\/MockingbirdSupport\/UIKit\/UIView.swift","hash":"10e6b03a9c5a76f720c17fcb82af82ff66994926"},{"hash":"bbd8980a22029f339b0e8746124fd06d94730570","path":"\/Users\/austin\/Documents\/Vault-macos\/Vault\/MockingbirdSupport\/UIKit\/UIViewController.swift"}]}