{"cliVersion":"0.20.0","productModuleName":"VaultTests","sourceFilePaths":[{"hash":"06cab68b28712bc313ff22e675038ee5d47579a4","path":"\/Users\/austin\/Documents\/Vault-macos\/Vault\/MockingbirdMocks\/VaultTests-VaultMocks.generated.swift"},{"hash":"50ac46f0093f3e2dc04fce52279d3feb53d30cc1","path":"\/Users\/austin\/Documents\/Vault-macos\/Vault\/VaultTests\/HotkeyLoop.swift"}],"mockedTypeNames":["\/Users\/austin\/Documents\/Vault-macos\/Vault\/VaultTests\/HotkeyLoop.swift",[]],"name":"VaultTests","projectHash":"26b68c062254170c461a5293fe3590c66be94431","dependencies":[],"sourceRoot":"\/Users\/austin\/Documents\/Vault-macos\/Vault"}