// !$*UTF8*$!
{
	archiveVersion = 1;
	classes = {
	};
	objectVersion = 56;
	objects = {

/* Begin PBXBuildFile section */
		D9079F392C0049510055BC7E /* DirectoryProfileSelector.swift in Sources */ = {isa = PBXBuildFile; fileRef = D9079F382C0049510055BC7E /* DirectoryProfileSelector.swift */; };
		D9079F3C2C0049ED0055BC7E /* DirectoryProfile.swift in Sources */ = {isa = PBXBuildFile; fileRef = D9079F3B2C0049ED0055BC7E /* DirectoryProfile.swift */; };
		D9079F3F2C004AB50055BC7E /* ToggleStyles.swift in Sources */ = {isa = PBXBuildFile; fileRef = D9079F3E2C004AB50055BC7E /* ToggleStyles.swift */; };
		D9079F412C01B4520055BC7E /* DirectoryUI.swift in Sources */ = {isa = PBXBuildFile; fileRef = D9079F402C01B4520055BC7E /* DirectoryUI.swift */; };
		D9079F432C01B5FA0055BC7E /* DirectoryRecommendationView.swift in Sources */ = {isa = PBXBuildFile; fileRef = D9079F422C01B5FA0055BC7E /* DirectoryRecommendationView.swift */; };
		D92192D32BFE4E8D002D5A7F /* ResultsList.swift in Sources */ = {isa = PBXBuildFile; fileRef = D92192D22BFE4E8D002D5A7F /* ResultsList.swift */; };
		D93E1FB72C16613300BA309E /* PasteboardView.swift in Sources */ = {isa = PBXBuildFile; fileRef = D93E1FB62C16613300BA309E /* PasteboardView.swift */; };
		D93E1FBE2C168A8800BA309E /* TestFileSystemEngineDelegate.swift in Sources */ = {isa = PBXBuildFile; fileRef = D93E1FBA2C16854400BA309E /* TestFileSystemEngineDelegate.swift */; };
		D94CAF752BF82801009AC3E1 /* VaultApp.swift in Sources */ = {isa = PBXBuildFile; fileRef = D94CAF742BF82801009AC3E1 /* VaultApp.swift */; };
		D94CAF772BF82801009AC3E1 /* MainSearch.swift in Sources */ = {isa = PBXBuildFile; fileRef = D94CAF762BF82801009AC3E1 /* MainSearch.swift */; };
		D94CAF7B2BF82803009AC3E1 /* Assets.xcassets in Resources */ = {isa = PBXBuildFile; fileRef = D94CAF7A2BF82803009AC3E1 /* Assets.xcassets */; };
		D94CAF7E2BF82803009AC3E1 /* Preview Assets.xcassets in Resources */ = {isa = PBXBuildFile; fileRef = D94CAF7D2BF82803009AC3E1 /* Preview Assets.xcassets */; };
		D94CAF892BF82804009AC3E1 /* FileSystemSearchEngine.swift in Sources */ = {isa = PBXBuildFile; fileRef = D94CAF882BF82804009AC3E1 /* FileSystemSearchEngine.swift */; };
		D94CAF932BF82804009AC3E1 /* VaultUITests.swift in Sources */ = {isa = PBXBuildFile; fileRef = D94CAF922BF82804009AC3E1 /* VaultUITests.swift */; };
		D94CAF952BF82804009AC3E1 /* VaultUITestsLaunchTests.swift in Sources */ = {isa = PBXBuildFile; fileRef = D94CAF942BF82804009AC3E1 /* VaultUITestsLaunchTests.swift */; };
		D94CAFA32BF9513B009AC3E1 /* HotkeyLoop.swift in Sources */ = {isa = PBXBuildFile; fileRef = D94CAFA22BF9513B009AC3E1 /* HotkeyLoop.swift */; };
		D94CAFB22BF99DBE009AC3E1 /* DirectorySearchBar.swift in Sources */ = {isa = PBXBuildFile; fileRef = D94CAFB12BF99DBE009AC3E1 /* DirectorySearchBar.swift */; };
		D94CAFB42BF99E7F009AC3E1 /* SearchBar.swift in Sources */ = {isa = PBXBuildFile; fileRef = D94CAFB32BF99E7F009AC3E1 /* SearchBar.swift */; };
		D94CAFB72BF9A2C5009AC3E1 /* Search.swift in Sources */ = {isa = PBXBuildFile; fileRef = D94CAFB62BF9A2C5009AC3E1 /* Search.swift */; };
		D94CAFB92BF9A2CC009AC3E1 /* DirectorySearch.swift in Sources */ = {isa = PBXBuildFile; fileRef = D94CAFB82BF9A2CC009AC3E1 /* DirectorySearch.swift */; };
		D94CAFBE2BF9C672009AC3E1 /* billy.ttf in Resources */ = {isa = PBXBuildFile; fileRef = D94CAFBD2BF9C672009AC3E1 /* billy.ttf */; };
		D94CAFBF2BF9C674009AC3E1 /* Manrope-Bold.otf in Resources */ = {isa = PBXBuildFile; fileRef = D94CAFBC2BF9C5C7009AC3E1 /* Manrope-Bold.otf */; };
		D94CAFC02BF9C674009AC3E1 /* Manrope-Regular.otf in Resources */ = {isa = PBXBuildFile; fileRef = D94CAFBB2BF9C5C1009AC3E1 /* Manrope-Regular.otf */; };
		D94CAFC32BF9C707009AC3E1 /* FontExtension.swift in Sources */ = {isa = PBXBuildFile; fileRef = D94CAFC22BF9C707009AC3E1 /* FontExtension.swift */; };
		D94CAFC52BFAD3C7009AC3E1 /* StringExtension.swift in Sources */ = {isa = PBXBuildFile; fileRef = D94CAFC42BFAD3C7009AC3E1 /* StringExtension.swift */; };
		D94CAFC72BFB94D6009AC3E1 /* AI.plist in Resources */ = {isa = PBXBuildFile; fileRef = D94CAFC62BFB94D6009AC3E1 /* AI.plist */; };
		D94CAFCA2BFB95F7009AC3E1 /* GoogleGenerativeAI in Frameworks */ = {isa = PBXBuildFile; productRef = D94CAFC92BFB95F7009AC3E1 /* GoogleGenerativeAI */; };
		D94CAFCC2BFB9613009AC3E1 /* GenerativeAI.swift in Sources */ = {isa = PBXBuildFile; fileRef = D94CAFCB2BFB9613009AC3E1 /* GenerativeAI.swift */; };
		D94CAFCE2BFCF99C009AC3E1 /* SearchResult.swift in Sources */ = {isa = PBXBuildFile; fileRef = D94CAFCD2BFCF99C009AC3E1 /* SearchResult.swift */; };
		D9A8770C2C0D3343001EAA1C /* Engine.swift in Sources */ = {isa = PBXBuildFile; fileRef = D9A8770B2C0D3343001EAA1C /* Engine.swift */; };
		D9A8770E2C0D370A001EAA1C /* FileSystemSearchEngine.swift in Sources */ = {isa = PBXBuildFile; fileRef = D9A8770D2C0D370A001EAA1C /* FileSystemSearchEngine.swift */; };
		D9A877112C0D58C7001EAA1C /* FilePathResultView.swift in Sources */ = {isa = PBXBuildFile; fileRef = D9A877102C0D58C7001EAA1C /* FilePathResultView.swift */; };
		D9A877132C0D5B15001EAA1C /* URLExtension.swift in Sources */ = {isa = PBXBuildFile; fileRef = D9A877122C0D5B15001EAA1C /* URLExtension.swift */; };
		D9A877152C150114001EAA1C /* ArrayExtension.swift in Sources */ = {isa = PBXBuildFile; fileRef = D9A877142C150114001EAA1C /* ArrayExtension.swift */; };
		D9A877192C154DCF001EAA1C /* ColorResultView.swift in Sources */ = {isa = PBXBuildFile; fileRef = D9A877182C154DCF001EAA1C /* ColorResultView.swift */; };
		D9A8771B2C164216001EAA1C /* ColorExtension.swift in Sources */ = {isa = PBXBuildFile; fileRef = D9A8771A2C164216001EAA1C /* ColorExtension.swift */; };
		D9A8771D2C164CA0001EAA1C /* FontResultView.swift in Sources */ = {isa = PBXBuildFile; fileRef = D9A8771C2C164CA0001EAA1C /* FontResultView.swift */; };
/* End PBXBuildFile section */

/* Begin PBXContainerItemProxy section */
		D94CAF852BF82804009AC3E1 /* PBXContainerItemProxy */ = {
			isa = PBXContainerItemProxy;
			containerPortal = D94CAF692BF82801009AC3E1 /* Project object */;
			proxyType = 1;
			remoteGlobalIDString = D94CAF702BF82801009AC3E1;
			remoteInfo = Vault;
		};
		D94CAF8F2BF82804009AC3E1 /* PBXContainerItemProxy */ = {
			isa = PBXContainerItemProxy;
			containerPortal = D94CAF692BF82801009AC3E1 /* Project object */;
			proxyType = 1;
			remoteGlobalIDString = D94CAF702BF82801009AC3E1;
			remoteInfo = Vault;
		};
/* End PBXContainerItemProxy section */

/* Begin PBXFileReference section */
		D9079F382C0049510055BC7E /* DirectoryProfileSelector.swift */ = {isa = PBXFileReference; lastKnownFileType = sourcecode.swift; path = DirectoryProfileSelector.swift; sourceTree = "<group>"; };
		D9079F3B2C0049ED0055BC7E /* DirectoryProfile.swift */ = {isa = PBXFileReference; lastKnownFileType = sourcecode.swift; path = DirectoryProfile.swift; sourceTree = "<group>"; };
		D9079F3E2C004AB50055BC7E /* ToggleStyles.swift */ = {isa = PBXFileReference; lastKnownFileType = sourcecode.swift; path = ToggleStyles.swift; sourceTree = "<group>"; };
		D9079F402C01B4520055BC7E /* DirectoryUI.swift */ = {isa = PBXFileReference; lastKnownFileType = sourcecode.swift; path = DirectoryUI.swift; sourceTree = "<group>"; };
		D9079F422C01B5FA0055BC7E /* DirectoryRecommendationView.swift */ = {isa = PBXFileReference; lastKnownFileType = sourcecode.swift; path = DirectoryRecommendationView.swift; sourceTree = "<group>"; };
		D92192D22BFE4E8D002D5A7F /* ResultsList.swift */ = {isa = PBXFileReference; lastKnownFileType = sourcecode.swift; path = ResultsList.swift; sourceTree = "<group>"; };
		D93E1FB62C16613300BA309E /* PasteboardView.swift */ = {isa = PBXFileReference; lastKnownFileType = sourcecode.swift; path = PasteboardView.swift; sourceTree = "<group>"; };
		D93E1FBA2C16854400BA309E /* TestFileSystemEngineDelegate.swift */ = {isa = PBXFileReference; lastKnownFileType = sourcecode.swift; path = TestFileSystemEngineDelegate.swift; sourceTree = "<group>"; };
		D94CAF712BF82801009AC3E1 /* Vault.app */ = {isa = PBXFileReference; explicitFileType = wrapper.application; includeInIndex = 0; path = Vault.app; sourceTree = BUILT_PRODUCTS_DIR; };
		D94CAF742BF82801009AC3E1 /* VaultApp.swift */ = {isa = PBXFileReference; lastKnownFileType = sourcecode.swift; path = VaultApp.swift; sourceTree = "<group>"; };
		D94CAF762BF82801009AC3E1 /* MainSearch.swift */ = {isa = PBXFileReference; lastKnownFileType = sourcecode.swift; path = MainSearch.swift; sourceTree = "<group>"; };
		D94CAF7A2BF82803009AC3E1 /* Assets.xcassets */ = {isa = PBXFileReference; lastKnownFileType = folder.assetcatalog; path = Assets.xcassets; sourceTree = "<group>"; };
		D94CAF7D2BF82803009AC3E1 /* Preview Assets.xcassets */ = {isa = PBXFileReference; lastKnownFileType = folder.assetcatalog; path = "Preview Assets.xcassets"; sourceTree = "<group>"; };
		D94CAF7F2BF82803009AC3E1 /* Vault.entitlements */ = {isa = PBXFileReference; lastKnownFileType = text.plist.entitlements; path = Vault.entitlements; sourceTree = "<group>"; };
		D94CAF842BF82804009AC3E1 /* VaultTests.xctest */ = {isa = PBXFileReference; explicitFileType = wrapper.cfbundle; includeInIndex = 0; path = VaultTests.xctest; sourceTree = BUILT_PRODUCTS_DIR; };
		D94CAF882BF82804009AC3E1 /* FileSystemSearchEngine.swift */ = {isa = PBXFileReference; lastKnownFileType = sourcecode.swift; path = FileSystemSearchEngine.swift; sourceTree = "<group>"; };
		D94CAF8E2BF82804009AC3E1 /* VaultUITests.xctest */ = {isa = PBXFileReference; explicitFileType = wrapper.cfbundle; includeInIndex = 0; path = VaultUITests.xctest; sourceTree = BUILT_PRODUCTS_DIR; };
		D94CAF922BF82804009AC3E1 /* VaultUITests.swift */ = {isa = PBXFileReference; lastKnownFileType = sourcecode.swift; path = VaultUITests.swift; sourceTree = "<group>"; };
		D94CAF942BF82804009AC3E1 /* VaultUITestsLaunchTests.swift */ = {isa = PBXFileReference; lastKnownFileType = sourcecode.swift; path = VaultUITestsLaunchTests.swift; sourceTree = "<group>"; };
		D94CAFA22BF9513B009AC3E1 /* HotkeyLoop.swift */ = {isa = PBXFileReference; lastKnownFileType = sourcecode.swift; path = HotkeyLoop.swift; sourceTree = "<group>"; };
		D94CAFB12BF99DBE009AC3E1 /* DirectorySearchBar.swift */ = {isa = PBXFileReference; lastKnownFileType = sourcecode.swift; path = DirectorySearchBar.swift; sourceTree = "<group>"; };
		D94CAFB32BF99E7F009AC3E1 /* SearchBar.swift */ = {isa = PBXFileReference; lastKnownFileType = sourcecode.swift; path = SearchBar.swift; sourceTree = "<group>"; };
		D94CAFB62BF9A2C5009AC3E1 /* Search.swift */ = {isa = PBXFileReference; lastKnownFileType = sourcecode.swift; path = Search.swift; sourceTree = "<group>"; };
		D94CAFB82BF9A2CC009AC3E1 /* DirectorySearch.swift */ = {isa = PBXFileReference; lastKnownFileType = sourcecode.swift; path = DirectorySearch.swift; sourceTree = "<group>"; };
		D94CAFBB2BF9C5C1009AC3E1 /* Manrope-Regular.otf */ = {isa = PBXFileReference; lastKnownFileType = file; path = "Manrope-Regular.otf"; sourceTree = "<group>"; };
		D94CAFBC2BF9C5C7009AC3E1 /* Manrope-Bold.otf */ = {isa = PBXFileReference; lastKnownFileType = file; path = "Manrope-Bold.otf"; sourceTree = "<group>"; };
		D94CAFBD2BF9C672009AC3E1 /* billy.ttf */ = {isa = PBXFileReference; lastKnownFileType = file; path = billy.ttf; sourceTree = "<group>"; };
		D94CAFC22BF9C707009AC3E1 /* FontExtension.swift */ = {isa = PBXFileReference; lastKnownFileType = sourcecode.swift; path = FontExtension.swift; sourceTree = "<group>"; };
		D94CAFC42BFAD3C7009AC3E1 /* StringExtension.swift */ = {isa = PBXFileReference; lastKnownFileType = sourcecode.swift; path = StringExtension.swift; sourceTree = "<group>"; };
		D94CAFC62BFB94D6009AC3E1 /* AI.plist */ = {isa = PBXFileReference; lastKnownFileType = text.plist; path = AI.plist; sourceTree = "<group>"; };
		D94CAFCB2BFB9613009AC3E1 /* GenerativeAI.swift */ = {isa = PBXFileReference; lastKnownFileType = sourcecode.swift; path = GenerativeAI.swift; sourceTree = "<group>"; };
		D94CAFCD2BFCF99C009AC3E1 /* SearchResult.swift */ = {isa = PBXFileReference; lastKnownFileType = sourcecode.swift; path = SearchResult.swift; sourceTree = "<group>"; };
		D9A8770B2C0D3343001EAA1C /* Engine.swift */ = {isa = PBXFileReference; lastKnownFileType = sourcecode.swift; path = Engine.swift; sourceTree = "<group>"; };
		D9A8770D2C0D370A001EAA1C /* FileSystemSearchEngine.swift */ = {isa = PBXFileReference; lastKnownFileType = sourcecode.swift; path = FileSystemSearchEngine.swift; sourceTree = "<group>"; };
		D9A877102C0D58C7001EAA1C /* FilePathResultView.swift */ = {isa = PBXFileReference; lastKnownFileType = sourcecode.swift; path = FilePathResultView.swift; sourceTree = "<group>"; };
		D9A877122C0D5B15001EAA1C /* URLExtension.swift */ = {isa = PBXFileReference; lastKnownFileType = sourcecode.swift; path = URLExtension.swift; sourceTree = "<group>"; };
		D9A877142C150114001EAA1C /* ArrayExtension.swift */ = {isa = PBXFileReference; lastKnownFileType = sourcecode.swift; path = ArrayExtension.swift; sourceTree = "<group>"; };
		D9A877182C154DCF001EAA1C /* ColorResultView.swift */ = {isa = PBXFileReference; lastKnownFileType = sourcecode.swift; path = ColorResultView.swift; sourceTree = "<group>"; };
		D9A8771A2C164216001EAA1C /* ColorExtension.swift */ = {isa = PBXFileReference; lastKnownFileType = sourcecode.swift; path = ColorExtension.swift; sourceTree = "<group>"; };
		D9A8771C2C164CA0001EAA1C /* FontResultView.swift */ = {isa = PBXFileReference; lastKnownFileType = sourcecode.swift; path = FontResultView.swift; sourceTree = "<group>"; };
/* End PBXFileReference section */

/* Begin PBXFrameworksBuildPhase section */
		D94CAF6E2BF82801009AC3E1 /* Frameworks */ = {
			isa = PBXFrameworksBuildPhase;
			buildActionMask = 2147483647;
			files = (
				D94CAFCA2BFB95F7009AC3E1 /* GoogleGenerativeAI in Frameworks */,
			);
			runOnlyForDeploymentPostprocessing = 0;
		};
		D94CAF812BF82804009AC3E1 /* Frameworks */ = {
			isa = PBXFrameworksBuildPhase;
			buildActionMask = 2147483647;
			files = (
			);
			runOnlyForDeploymentPostprocessing = 0;
		};
		D94CAF8B2BF82804009AC3E1 /* Frameworks */ = {
			isa = PBXFrameworksBuildPhase;
			buildActionMask = 2147483647;
			files = (
			);
			runOnlyForDeploymentPostprocessing = 0;
		};
/* End PBXFrameworksBuildPhase section */

/* Begin PBXGroup section */
		D9079F3A2C0049D90055BC7E /* Models */ = {
			isa = PBXGroup;
			children = (
				D94CAFCD2BFCF99C009AC3E1 /* SearchResult.swift */,
				D9079F3B2C0049ED0055BC7E /* DirectoryProfile.swift */,
			);
			path = Models;
			sourceTree = "<group>";
		};
		D9079F3D2C004AA70055BC7E /* Styles */ = {
			isa = PBXGroup;
			children = (
				D9079F3E2C004AB50055BC7E /* ToggleStyles.swift */,
			);
			path = Styles;
			sourceTree = "<group>";
		};
		D94CAF682BF82801009AC3E1 = {
			isa = PBXGroup;
			children = (
				D94CAF732BF82801009AC3E1 /* Vault */,
				D94CAF872BF82804009AC3E1 /* VaultTests */,
				D94CAF912BF82804009AC3E1 /* VaultUITests */,
				D94CAF722BF82801009AC3E1 /* Products */,
				D94CAFAB2BF95BE6009AC3E1 /* Frameworks */,
			);
			sourceTree = "<group>";
		};
		D94CAF722BF82801009AC3E1 /* Products */ = {
			isa = PBXGroup;
			children = (
				D94CAF712BF82801009AC3E1 /* Vault.app */,
				D94CAF842BF82804009AC3E1 /* VaultTests.xctest */,
				D94CAF8E2BF82804009AC3E1 /* VaultUITests.xctest */,
			);
			name = Products;
			sourceTree = "<group>";
		};
		D94CAF732BF82801009AC3E1 /* Vault */ = {
			isa = PBXGroup;
			children = (
				D9079F3D2C004AA70055BC7E /* Styles */,
				D9079F3A2C0049D90055BC7E /* Models */,
				D94CAFC12BF9C6E1009AC3E1 /* Extensions */,
				D94CAFB52BF9A28F009AC3E1 /* Search Services */,
				D94CAFAE2BF99D4C009AC3E1 /* Views */,
				D94CAFA12BF95123009AC3E1 /* Services */,
				D94CAF742BF82801009AC3E1 /* VaultApp.swift */,
				D94CAFBA2BF9C5B5009AC3E1 /* Fonts */,
				D94CAF7A2BF82803009AC3E1 /* Assets.xcassets */,
				D94CAF7F2BF82803009AC3E1 /* Vault.entitlements */,
				D94CAFC62BFB94D6009AC3E1 /* AI.plist */,
				D94CAF7C2BF82803009AC3E1 /* Preview Content */,
			);
			path = Vault;
			sourceTree = "<group>";
		};
		D94CAF7C2BF82803009AC3E1 /* Preview Content */ = {
			isa = PBXGroup;
			children = (
				D94CAF7D2BF82803009AC3E1 /* Preview Assets.xcassets */,
			);
			path = "Preview Content";
			sourceTree = "<group>";
		};
		D94CAF872BF82804009AC3E1 /* VaultTests */ = {
			isa = PBXGroup;
			children = (
				D94CAF882BF82804009AC3E1 /* FileSystemSearchEngine.swift */,
			);
			path = VaultTests;
			sourceTree = "<group>";
		};
		D94CAF912BF82804009AC3E1 /* VaultUITests */ = {
			isa = PBXGroup;
			children = (
				D94CAF922BF82804009AC3E1 /* VaultUITests.swift */,
				D94CAF942BF82804009AC3E1 /* VaultUITestsLaunchTests.swift */,
			);
			path = VaultUITests;
			sourceTree = "<group>";
		};
		D94CAFA12BF95123009AC3E1 /* Services */ = {
			isa = PBXGroup;
			children = (
				D94CAFA22BF9513B009AC3E1 /* HotkeyLoop.swift */,
			);
			path = Services;
			sourceTree = "<group>";
		};
		D94CAFAB2BF95BE6009AC3E1 /* Frameworks */ = {
			isa = PBXGroup;
			children = (
			);
			name = Frameworks;
			sourceTree = "<group>";
		};
		D94CAFAE2BF99D4C009AC3E1 /* Views */ = {
			isa = PBXGroup;
			children = (
				D9A8770F2C0D58B0001EAA1C /* Search Result Views */,
				D94CAF762BF82801009AC3E1 /* MainSearch.swift */,
				D94CAFB12BF99DBE009AC3E1 /* DirectorySearchBar.swift */,
				D94CAFB32BF99E7F009AC3E1 /* SearchBar.swift */,
				D92192D22BFE4E8D002D5A7F /* ResultsList.swift */,
				D9079F382C0049510055BC7E /* DirectoryProfileSelector.swift */,
				D9079F402C01B4520055BC7E /* DirectoryUI.swift */,
				D9079F422C01B5FA0055BC7E /* DirectoryRecommendationView.swift */,
				D93E1FB62C16613300BA309E /* PasteboardView.swift */,
			);
			path = Views;
			sourceTree = "<group>";
		};
		D94CAFB52BF9A28F009AC3E1 /* Search Services */ = {
			isa = PBXGroup;
			children = (
				D9A8770A2C0D332C001EAA1C /* Engines */,
				D94CAFB62BF9A2C5009AC3E1 /* Search.swift */,
				D94CAFB82BF9A2CC009AC3E1 /* DirectorySearch.swift */,
				D94CAFCB2BFB9613009AC3E1 /* GenerativeAI.swift */,
			);
			path = "Search Services";
			sourceTree = "<group>";
		};
		D94CAFBA2BF9C5B5009AC3E1 /* Fonts */ = {
			isa = PBXGroup;
			children = (
				D94CAFBD2BF9C672009AC3E1 /* billy.ttf */,
				D94CAFBC2BF9C5C7009AC3E1 /* Manrope-Bold.otf */,
				D94CAFBB2BF9C5C1009AC3E1 /* Manrope-Regular.otf */,
			);
			path = Fonts;
			sourceTree = "<group>";
		};
		D94CAFC12BF9C6E1009AC3E1 /* Extensions */ = {
			isa = PBXGroup;
			children = (
				D94CAFC22BF9C707009AC3E1 /* FontExtension.swift */,
				D94CAFC42BFAD3C7009AC3E1 /* StringExtension.swift */,
				D9A877122C0D5B15001EAA1C /* URLExtension.swift */,
				D9A877142C150114001EAA1C /* ArrayExtension.swift */,
				D9A8771A2C164216001EAA1C /* ColorExtension.swift */,
			);
			path = Extensions;
			sourceTree = "<group>";
		};
		D9A8770A2C0D332C001EAA1C /* Engines */ = {
			isa = PBXGroup;
			children = (
				D93E1FBA2C16854400BA309E /* TestFileSystemEngineDelegate.swift */,
				D9A8770B2C0D3343001EAA1C /* Engine.swift */,
				D9A8770D2C0D370A001EAA1C /* FileSystemSearchEngine.swift */,
			);
			path = Engines;
			sourceTree = "<group>";
		};
		D9A8770F2C0D58B0001EAA1C /* Search Result Views */ = {
			isa = PBXGroup;
			children = (
				D9A877102C0D58C7001EAA1C /* FilePathResultView.swift */,
				D9A877182C154DCF001EAA1C /* ColorResultView.swift */,
				D9A8771C2C164CA0001EAA1C /* FontResultView.swift */,
			);
			path = "Search Result Views";
			sourceTree = "<group>";
		};
/* End PBXGroup section */

/* Begin PBXNativeTarget section */
		D94CAF702BF82801009AC3E1 /* Vault */ = {
			isa = PBXNativeTarget;
			buildConfigurationList = D94CAF982BF82804009AC3E1 /* Build configuration list for PBXNativeTarget "Vault" */;
			buildPhases = (
				D94CAF6D2BF82801009AC3E1 /* Sources */,
				D94CAF6E2BF82801009AC3E1 /* Frameworks */,
				D94CAF6F2BF82801009AC3E1 /* Resources */,
			);
			buildRules = (
			);
			dependencies = (
			);
			name = Vault;
			packageProductDependencies = (
				D94CAFC92BFB95F7009AC3E1 /* GoogleGenerativeAI */,
			);
			productName = Vault;
			productReference = D94CAF712BF82801009AC3E1 /* Vault.app */;
			productType = "com.apple.product-type.application";
		};
		D94CAF832BF82804009AC3E1 /* VaultTests */ = {
			isa = PBXNativeTarget;
			buildConfigurationList = D94CAF9B2BF82804009AC3E1 /* Build configuration list for PBXNativeTarget "VaultTests" */;
			buildPhases = (
				D94CAF802BF82804009AC3E1 /* Sources */,
				D94CAF812BF82804009AC3E1 /* Frameworks */,
				D94CAF822BF82804009AC3E1 /* Resources */,
			);
			buildRules = (
			);
			dependencies = (
				D94CAF862BF82804009AC3E1 /* PBXTargetDependency */,
			);
			name = VaultTests;
			packageProductDependencies = (
			);
			productName = VaultTests;
			productReference = D94CAF842BF82804009AC3E1 /* VaultTests.xctest */;
			productType = "com.apple.product-type.bundle.unit-test";
		};
		D94CAF8D2BF82804009AC3E1 /* VaultUITests */ = {
			isa = PBXNativeTarget;
			buildConfigurationList = D94CAF9E2BF82804009AC3E1 /* Build configuration list for PBXNativeTarget "VaultUITests" */;
			buildPhases = (
				D94CAF8A2BF82804009AC3E1 /* Sources */,
				D94CAF8B2BF82804009AC3E1 /* Frameworks */,
				D94CAF8C2BF82804009AC3E1 /* Resources */,
			);
			buildRules = (
			);
			dependencies = (
				D94CAF902BF82804009AC3E1 /* PBXTargetDependency */,
			);
			name = VaultUITests;
			productName = VaultUITests;
			productReference = D94CAF8E2BF82804009AC3E1 /* VaultUITests.xctest */;
			productType = "com.apple.product-type.bundle.ui-testing";
		};
/* End PBXNativeTarget section */

/* Begin PBXProject section */
		D94CAF692BF82801009AC3E1 /* Project object */ = {
			isa = PBXProject;
			attributes = {
				BuildIndependentTargetsInParallel = 1;
				LastSwiftUpdateCheck = 1500;
				LastUpgradeCheck = 1500;
				TargetAttributes = {
					D94CAF702BF82801009AC3E1 = {
						CreatedOnToolsVersion = 15.0.1;
					};
					D94CAF832BF82804009AC3E1 = {
						CreatedOnToolsVersion = 15.0.1;
						TestTargetID = D94CAF702BF82801009AC3E1;
					};
					D94CAF8D2BF82804009AC3E1 = {
						CreatedOnToolsVersion = 15.0.1;
						TestTargetID = D94CAF702BF82801009AC3E1;
					};
				};
			};
			buildConfigurationList = D94CAF6C2BF82801009AC3E1 /* Build configuration list for PBXProject "Vault" */;
			compatibilityVersion = "Xcode 14.0";
			developmentRegion = en;
			hasScannedForEncodings = 0;
			knownRegions = (
				en,
				Base,
			);
			mainGroup = D94CAF682BF82801009AC3E1;
			packageReferences = (
				D94CAFC82BFB95F7009AC3E1 /* XCRemoteSwiftPackageReference "generative-ai-swift" */,
			);
			productRefGroup = D94CAF722BF82801009AC3E1 /* Products */;
			projectDirPath = "";
			projectRoot = "";
			targets = (
				D94CAF702BF82801009AC3E1 /* Vault */,
				D94CAF832BF82804009AC3E1 /* VaultTests */,
				D94CAF8D2BF82804009AC3E1 /* VaultUITests */,
			);
		};
/* End PBXProject section */

/* Begin PBXResourcesBuildPhase section */
		D94CAF6F2BF82801009AC3E1 /* Resources */ = {
			isa = PBXResourcesBuildPhase;
			buildActionMask = 2147483647;
			files = (
				D94CAF7E2BF82803009AC3E1 /* Preview Assets.xcassets in Resources */,
				D94CAFC72BFB94D6009AC3E1 /* AI.plist in Resources */,
				D94CAFBF2BF9C674009AC3E1 /* Manrope-Bold.otf in Resources */,
				D94CAFBE2BF9C672009AC3E1 /* billy.ttf in Resources */,
				D94CAF7B2BF82803009AC3E1 /* Assets.xcassets in Resources */,
				D94CAFC02BF9C674009AC3E1 /* Manrope-Regular.otf in Resources */,
			);
			runOnlyForDeploymentPostprocessing = 0;
		};
		D94CAF822BF82804009AC3E1 /* Resources */ = {
			isa = PBXResourcesBuildPhase;
			buildActionMask = 2147483647;
			files = (
			);
			runOnlyForDeploymentPostprocessing = 0;
		};
		D94CAF8C2BF82804009AC3E1 /* Resources */ = {
			isa = PBXResourcesBuildPhase;
			buildActionMask = 2147483647;
			files = (
			);
			runOnlyForDeploymentPostprocessing = 0;
		};
/* End PBXResourcesBuildPhase section */

/* Begin PBXSourcesBuildPhase section */
		D94CAF6D2BF82801009AC3E1 /* Sources */ = {
			isa = PBXSourcesBuildPhase;
			buildActionMask = 2147483647;
			files = (
				D9A8771D2C164CA0001EAA1C /* FontResultView.swift in Sources */,
				D94CAF772BF82801009AC3E1 /* MainSearch.swift in Sources */,
				D94CAFA32BF9513B009AC3E1 /* HotkeyLoop.swift in Sources */,
				D9079F432C01B5FA0055BC7E /* DirectoryRecommendationView.swift in Sources */,
				D9A8771B2C164216001EAA1C /* ColorExtension.swift in Sources */,
				D9079F3C2C0049ED0055BC7E /* DirectoryProfile.swift in Sources */,
				D9079F3F2C004AB50055BC7E /* ToggleStyles.swift in Sources */,
				D9A8770E2C0D370A001EAA1C /* FileSystemSearchEngine.swift in Sources */,
				D94CAFC52BFAD3C7009AC3E1 /* StringExtension.swift in Sources */,
				D93E1FBE2C168A8800BA309E /* TestFileSystemEngineDelegate.swift in Sources */,
				D94CAFB92BF9A2CC009AC3E1 /* DirectorySearch.swift in Sources */,
				D9A877132C0D5B15001EAA1C /* URLExtension.swift in Sources */,
				D9A8770C2C0D3343001EAA1C /* Engine.swift in Sources */,
				D94CAF752BF82801009AC3E1 /* VaultApp.swift in Sources */,
				D9A877112C0D58C7001EAA1C /* FilePathResultView.swift in Sources */,
				D94CAFB72BF9A2C5009AC3E1 /* Search.swift in Sources */,
				D9A877192C154DCF001EAA1C /* ColorResultView.swift in Sources */,
				D94CAFC32BF9C707009AC3E1 /* FontExtension.swift in Sources */,
				D94CAFCE2BFCF99C009AC3E1 /* SearchResult.swift in Sources */,
				D94CAFCC2BFB9613009AC3E1 /* GenerativeAI.swift in Sources */,
				D94CAFB22BF99DBE009AC3E1 /* DirectorySearchBar.swift in Sources */,
				D94CAFB42BF99E7F009AC3E1 /* SearchBar.swift in Sources */,
				D93E1FB72C16613300BA309E /* PasteboardView.swift in Sources */,
				D9079F392C0049510055BC7E /* DirectoryProfileSelector.swift in Sources */,
				D92192D32BFE4E8D002D5A7F /* ResultsList.swift in Sources */,
				D9079F412C01B4520055BC7E /* DirectoryUI.swift in Sources */,
				D9A877152C150114001EAA1C /* ArrayExtension.swift in Sources */,
			);
			runOnlyForDeploymentPostprocessing = 0;
		};
		D94CAF802BF82804009AC3E1 /* Sources */ = {
			isa = PBXSourcesBuildPhase;
			buildActionMask = 2147483647;
			files = (
				D94CAF892BF82804009AC3E1 /* FileSystemSearchEngine.swift in Sources */,
			);
			runOnlyForDeploymentPostprocessing = 0;
		};
		D94CAF8A2BF82804009AC3E1 /* Sources */ = {
			isa = PBXSourcesBuildPhase;
			buildActionMask = 2147483647;
			files = (
				D94CAF932BF82804009AC3E1 /* VaultUITests.swift in Sources */,
				D94CAF952BF82804009AC3E1 /* VaultUITestsLaunchTests.swift in Sources */,
			);
			runOnlyForDeploymentPostprocessing = 0;
		};
/* End PBXSourcesBuildPhase section */

/* Begin PBXTargetDependency section */
		D94CAF862BF82804009AC3E1 /* PBXTargetDependency */ = {
			isa = PBXTargetDependency;
			target = D94CAF702BF82801009AC3E1 /* Vault */;
			targetProxy = D94CAF852BF82804009AC3E1 /* PBXContainerItemProxy */;
		};
		D94CAF902BF82804009AC3E1 /* PBXTargetDependency */ = {
			isa = PBXTargetDependency;
			target = D94CAF702BF82801009AC3E1 /* Vault */;
			targetProxy = D94CAF8F2BF82804009AC3E1 /* PBXContainerItemProxy */;
		};
/* End PBXTargetDependency section */

/* Begin XCBuildConfiguration section */
		D94CAF962BF82804009AC3E1 /* Debug */ = {
			isa = XCBuildConfiguration;
			buildSettings = {
				ALWAYS_SEARCH_USER_PATHS = NO;
				ASSETCATALOG_COMPILER_GENERATE_SWIFT_ASSET_SYMBOL_EXTENSIONS = YES;
				CLANG_ANALYZER_NONNULL = YES;
				CLANG_ANALYZER_NUMBER_OBJECT_CONVERSION = YES_AGGRESSIVE;
				CLANG_CXX_LANGUAGE_STANDARD = "gnu++20";
				CLANG_ENABLE_MODULES = YES;
				CLANG_ENABLE_OBJC_ARC = YES;
				CLANG_ENABLE_OBJC_WEAK = YES;
				CLANG_WARN_BLOCK_CAPTURE_AUTORELEASING = YES;
				CLANG_WARN_BOOL_CONVERSION = YES;
				CLANG_WARN_COMMA = YES;
				CLANG_WARN_CONSTANT_CONVERSION = YES;
				CLANG_WARN_DEPRECATED_OBJC_IMPLEMENTATIONS = YES;
				CLANG_WARN_DIRECT_OBJC_ISA_USAGE = YES_ERROR;
				CLANG_WARN_DOCUMENTATION_COMMENTS = YES;
				CLANG_WARN_EMPTY_BODY = YES;
				CLANG_WARN_ENUM_CONVERSION = YES;
				CLANG_WARN_INFINITE_RECURSION = YES;
				CLANG_WARN_INT_CONVERSION = YES;
				CLANG_WARN_NON_LITERAL_NULL_CONVERSION = YES;
				CLANG_WARN_OBJC_IMPLICIT_RETAIN_SELF = YES;
				CLANG_WARN_OBJC_LITERAL_CONVERSION = YES;
				CLANG_WARN_OBJC_ROOT_CLASS = YES_ERROR;
				CLANG_WARN_QUOTED_INCLUDE_IN_FRAMEWORK_HEADER = YES;
				CLANG_WARN_RANGE_LOOP_ANALYSIS = YES;
				CLANG_WARN_STRICT_PROTOTYPES = YES;
				CLANG_WARN_SUSPICIOUS_MOVE = YES;
				CLANG_WARN_UNGUARDED_AVAILABILITY = YES_AGGRESSIVE;
				CLANG_WARN_UNREACHABLE_CODE = YES;
				CLANG_WARN__DUPLICATE_METHOD_MATCH = YES;
				COPY_PHASE_STRIP = NO;
				DEBUG_INFORMATION_FORMAT = dwarf;
				ENABLE_STRICT_OBJC_MSGSEND = YES;
				ENABLE_TESTABILITY = YES;
				ENABLE_USER_SCRIPT_SANDBOXING = NO;
				GCC_C_LANGUAGE_STANDARD = gnu17;
				GCC_DYNAMIC_NO_PIC = NO;
				GCC_NO_COMMON_BLOCKS = YES;
				GCC_OPTIMIZATION_LEVEL = 0;
				GCC_PREPROCESSOR_DEFINITIONS = (
					"DEBUG=1",
					"$(inherited)",
				);
				GCC_WARN_64_TO_32_BIT_CONVERSION = YES;
				GCC_WARN_ABOUT_RETURN_TYPE = YES_ERROR;
				GCC_WARN_UNDECLARED_SELECTOR = YES;
				GCC_WARN_UNINITIALIZED_AUTOS = YES_AGGRESSIVE;
				GCC_WARN_UNUSED_FUNCTION = YES;
				GCC_WARN_UNUSED_VARIABLE = YES;
				LOCALIZATION_PREFERS_STRING_CATALOGS = YES;
				MACOSX_DEPLOYMENT_TARGET = 14.0;
				MTL_ENABLE_DEBUG_INFO = INCLUDE_SOURCE;
				MTL_FAST_MATH = YES;
				ONLY_ACTIVE_ARCH = YES;
				SDKROOT = macosx;
				SWIFT_ACTIVE_COMPILATION_CONDITIONS = "DEBUG $(inherited)";
				SWIFT_OPTIMIZATION_LEVEL = "-Onone";
			};
			name = Debug;
		};
		D94CAF972BF82804009AC3E1 /* Release */ = {
			isa = XCBuildConfiguration;
			buildSettings = {
				ALWAYS_SEARCH_USER_PATHS = NO;
				ASSETCATALOG_COMPILER_GENERATE_SWIFT_ASSET_SYMBOL_EXTENSIONS = YES;
				CLANG_ANALYZER_NONNULL = YES;
				CLANG_ANALYZER_NUMBER_OBJECT_CONVERSION = YES_AGGRESSIVE;
				CLANG_CXX_LANGUAGE_STANDARD = "gnu++20";
				CLANG_ENABLE_MODULES = YES;
				CLANG_ENABLE_OBJC_ARC = YES;
				CLANG_ENABLE_OBJC_WEAK = YES;
				CLANG_WARN_BLOCK_CAPTURE_AUTORELEASING = YES;
				CLANG_WARN_BOOL_CONVERSION = YES;
				CLANG_WARN_COMMA = YES;
				CLANG_WARN_CONSTANT_CONVERSION = YES;
				CLANG_WARN_DEPRECATED_OBJC_IMPLEMENTATIONS = YES;
				CLANG_WARN_DIRECT_OBJC_ISA_USAGE = YES_ERROR;
				CLANG_WARN_DOCUMENTATION_COMMENTS = YES;
				CLANG_WARN_EMPTY_BODY = YES;
				CLANG_WARN_ENUM_CONVERSION = YES;
				CLANG_WARN_INFINITE_RECURSION = YES;
				CLANG_WARN_INT_CONVERSION = YES;
				CLANG_WARN_NON_LITERAL_NULL_CONVERSION = YES;
				CLANG_WARN_OBJC_IMPLICIT_RETAIN_SELF = YES;
				CLANG_WARN_OBJC_LITERAL_CONVERSION = YES;
				CLANG_WARN_OBJC_ROOT_CLASS = YES_ERROR;
				CLANG_WARN_QUOTED_INCLUDE_IN_FRAMEWORK_HEADER = YES;
				CLANG_WARN_RANGE_LOOP_ANALYSIS = YES;
				CLANG_WARN_STRICT_PROTOTYPES = YES;
				CLANG_WARN_SUSPICIOUS_MOVE = YES;
				CLANG_WARN_UNGUARDED_AVAILABILITY = YES_AGGRESSIVE;
				CLANG_WARN_UNREACHABLE_CODE = YES;
				CLANG_WARN__DUPLICATE_METHOD_MATCH = YES;
				COPY_PHASE_STRIP = NO;
				DEBUG_INFORMATION_FORMAT = "dwarf-with-dsym";
				ENABLE_NS_ASSERTIONS = NO;
				ENABLE_STRICT_OBJC_MSGSEND = YES;
				ENABLE_USER_SCRIPT_SANDBOXING = NO;
				GCC_C_LANGUAGE_STANDARD = gnu17;
				GCC_NO_COMMON_BLOCKS = YES;
				GCC_WARN_64_TO_32_BIT_CONVERSION = YES;
				GCC_WARN_ABOUT_RETURN_TYPE = YES_ERROR;
				GCC_WARN_UNDECLARED_SELECTOR = YES;
				GCC_WARN_UNINITIALIZED_AUTOS = YES_AGGRESSIVE;
				GCC_WARN_UNUSED_FUNCTION = YES;
				GCC_WARN_UNUSED_VARIABLE = YES;
				LOCALIZATION_PREFERS_STRING_CATALOGS = YES;
				MACOSX_DEPLOYMENT_TARGET = 14.0;
				MTL_ENABLE_DEBUG_INFO = NO;
				MTL_FAST_MATH = YES;
				SDKROOT = macosx;
				SWIFT_COMPILATION_MODE = wholemodule;
			};
			name = Release;
		};
		D94CAF992BF82804009AC3E1 /* Debug */ = {
			isa = XCBuildConfiguration;
			buildSettings = {
				ASSETCATALOG_COMPILER_APPICON_NAME = AppIcon;
				ASSETCATALOG_COMPILER_GLOBAL_ACCENT_COLOR_NAME = AccentColor;
				CODE_SIGN_ENTITLEMENTS = Vault/Vault.entitlements;
				"CODE_SIGN_IDENTITY[sdk=macosx*]" = "Apple Development";
				CODE_SIGN_STYLE = Automatic;
				COMBINE_HIDPI_IMAGES = YES;
				CURRENT_PROJECT_VERSION = 1;
				DEVELOPMENT_ASSET_PATHS = "\"Vault/Preview Content\"";
				DEVELOPMENT_TEAM = 4ZQHT294V9;
				ENABLE_HARDENED_RUNTIME = NO;
				ENABLE_PREVIEWS = YES;
				GENERATE_INFOPLIST_FILE = YES;
				INFOPLIST_KEY_LSUIElement = YES;
				INFOPLIST_KEY_NSHumanReadableCopyright = "";
				LD_RUNPATH_SEARCH_PATHS = (
					"$(inherited)",
					"@executable_path/../Frameworks",
				);
				MACOSX_DEPLOYMENT_TARGET = 14.0;
				MARKETING_VERSION = 1.0;
				PRODUCT_BUNDLE_IDENTIFIER = AVesich.Vault;
				PRODUCT_NAME = "$(TARGET_NAME)";
				SWIFT_EMIT_LOC_STRINGS = YES;
				SWIFT_VERSION = 5.0;
			};
			name = Debug;
		};
		D94CAF9A2BF82804009AC3E1 /* Release */ = {
			isa = XCBuildConfiguration;
			buildSettings = {
				ASSETCATALOG_COMPILER_APPICON_NAME = AppIcon;
				ASSETCATALOG_COMPILER_GLOBAL_ACCENT_COLOR_NAME = AccentColor;
				CODE_SIGN_ENTITLEMENTS = Vault/Vault.entitlements;
				"CODE_SIGN_IDENTITY[sdk=macosx*]" = "Apple Development";
				CODE_SIGN_STYLE = Automatic;
				COMBINE_HIDPI_IMAGES = YES;
				CURRENT_PROJECT_VERSION = 1;
				DEVELOPMENT_ASSET_PATHS = "\"Vault/Preview Content\"";
				DEVELOPMENT_TEAM = 4ZQHT294V9;
				ENABLE_HARDENED_RUNTIME = NO;
				ENABLE_PREVIEWS = YES;
				GENERATE_INFOPLIST_FILE = YES;
				INFOPLIST_KEY_LSUIElement = YES;
				INFOPLIST_KEY_NSHumanReadableCopyright = "";
				LD_RUNPATH_SEARCH_PATHS = (
					"$(inherited)",
					"@executable_path/../Frameworks",
				);
				MACOSX_DEPLOYMENT_TARGET = 14.0;
				MARKETING_VERSION = 1.0;
				PRODUCT_BUNDLE_IDENTIFIER = AVesich.Vault;
				PRODUCT_NAME = "$(TARGET_NAME)";
				SWIFT_EMIT_LOC_STRINGS = YES;
				SWIFT_VERSION = 5.0;
			};
			name = Release;
		};
		D94CAF9C2BF82804009AC3E1 /* Debug */ = {
			isa = XCBuildConfiguration;
			buildSettings = {
				ALWAYS_EMBED_SWIFT_STANDARD_LIBRARIES = YES;
				BUNDLE_LOADER = "$(TEST_HOST)";
				CODE_SIGN_STYLE = Automatic;
				CURRENT_PROJECT_VERSION = 1;
				DEVELOPMENT_TEAM = 4ZQHT294V9;
				GENERATE_INFOPLIST_FILE = YES;
				MACOSX_DEPLOYMENT_TARGET = 14.0;
				MARKETING_VERSION = 1.0;
				PRODUCT_BUNDLE_IDENTIFIER = AVesich.VaultTests;
				PRODUCT_NAME = "$(TARGET_NAME)";
				SWIFT_EMIT_LOC_STRINGS = NO;
				SWIFT_VERSION = 5.0;
				TEST_HOST = "$(BUILT_PRODUCTS_DIR)/Vault.app/$(BUNDLE_EXECUTABLE_FOLDER_PATH)/Vault";
			};
			name = Debug;
		};
		D94CAF9D2BF82804009AC3E1 /* Release */ = {
			isa = XCBuildConfiguration;
			buildSettings = {
				ALWAYS_EMBED_SWIFT_STANDARD_LIBRARIES = YES;
				BUNDLE_LOADER = "$(TEST_HOST)";
				CODE_SIGN_STYLE = Automatic;
				CURRENT_PROJECT_VERSION = 1;
				DEVELOPMENT_TEAM = 4ZQHT294V9;
				GENERATE_INFOPLIST_FILE = YES;
				MACOSX_DEPLOYMENT_TARGET = 14.0;
				MARKETING_VERSION = 1.0;
				PRODUCT_BUNDLE_IDENTIFIER = AVesich.VaultTests;
				PRODUCT_NAME = "$(TARGET_NAME)";
				SWIFT_EMIT_LOC_STRINGS = NO;
				SWIFT_VERSION = 5.0;
				TEST_HOST = "$(BUILT_PRODUCTS_DIR)/Vault.app/$(BUNDLE_EXECUTABLE_FOLDER_PATH)/Vault";
			};
			name = Release;
		};
		D94CAF9F2BF82804009AC3E1 /* Debug */ = {
			isa = XCBuildConfiguration;
			buildSettings = {
				ALWAYS_EMBED_SWIFT_STANDARD_LIBRARIES = YES;
				CODE_SIGN_STYLE = Automatic;
				CURRENT_PROJECT_VERSION = 1;
				DEVELOPMENT_TEAM = 4ZQHT294V9;
				GENERATE_INFOPLIST_FILE = YES;
				MARKETING_VERSION = 1.0;
				PRODUCT_BUNDLE_IDENTIFIER = AVesich.VaultUITests;
				PRODUCT_NAME = "$(TARGET_NAME)";
				SWIFT_EMIT_LOC_STRINGS = NO;
				SWIFT_VERSION = 5.0;
				TEST_TARGET_NAME = Vault;
			};
			name = Debug;
		};
		D94CAFA02BF82804009AC3E1 /* Release */ = {
			isa = XCBuildConfiguration;
			buildSettings = {
				ALWAYS_EMBED_SWIFT_STANDARD_LIBRARIES = YES;
				CODE_SIGN_STYLE = Automatic;
				CURRENT_PROJECT_VERSION = 1;
				DEVELOPMENT_TEAM = 4ZQHT294V9;
				GENERATE_INFOPLIST_FILE = YES;
				MARKETING_VERSION = 1.0;
				PRODUCT_BUNDLE_IDENTIFIER = AVesich.VaultUITests;
				PRODUCT_NAME = "$(TARGET_NAME)";
				SWIFT_EMIT_LOC_STRINGS = NO;
				SWIFT_VERSION = 5.0;
				TEST_TARGET_NAME = Vault;
			};
			name = Release;
		};
/* End XCBuildConfiguration section */

/* Begin XCConfigurationList section */
		D94CAF6C2BF82801009AC3E1 /* Build configuration list for PBXProject "Vault" */ = {
			isa = XCConfigurationList;
			buildConfigurations = (
				D94CAF962BF82804009AC3E1 /* Debug */,
				D94CAF972BF82804009AC3E1 /* Release */,
			);
			defaultConfigurationIsVisible = 0;
			defaultConfigurationName = Release;
		};
		D94CAF982BF82804009AC3E1 /* Build configuration list for PBXNativeTarget "Vault" */ = {
			isa = XCConfigurationList;
			buildConfigurations = (
				D94CAF992BF82804009AC3E1 /* Debug */,
				D94CAF9A2BF82804009AC3E1 /* Release */,
			);
			defaultConfigurationIsVisible = 0;
			defaultConfigurationName = Release;
		};
		D94CAF9B2BF82804009AC3E1 /* Build configuration list for PBXNativeTarget "VaultTests" */ = {
			isa = XCConfigurationList;
			buildConfigurations = (
				D94CAF9C2BF82804009AC3E1 /* Debug */,
				D94CAF9D2BF82804009AC3E1 /* Release */,
			);
			defaultConfigurationIsVisible = 0;
			defaultConfigurationName = Release;
		};
		D94CAF9E2BF82804009AC3E1 /* Build configuration list for PBXNativeTarget "VaultUITests" */ = {
			isa = XCConfigurationList;
			buildConfigurations = (
				D94CAF9F2BF82804009AC3E1 /* Debug */,
				D94CAFA02BF82804009AC3E1 /* Release */,
			);
			defaultConfigurationIsVisible = 0;
			defaultConfigurationName = Release;
		};
/* End XCConfigurationList section */

/* Begin XCRemoteSwiftPackageReference section */
		D94CAFC82BFB95F7009AC3E1 /* XCRemoteSwiftPackageReference "generative-ai-swift" */ = {
			isa = XCRemoteSwiftPackageReference;
			repositoryURL = "https://github.com/google/generative-ai-swift";
			requirement = {
				kind = upToNextMajorVersion;
				minimumVersion = 0.5.3;
			};
		};
/* End XCRemoteSwiftPackageReference section */

/* Begin XCSwiftPackageProductDependency section */
		D94CAFC92BFB95F7009AC3E1 /* GoogleGenerativeAI */ = {
			isa = XCSwiftPackageProductDependency;
			package = D94CAFC82BFB95F7009AC3E1 /* XCRemoteSwiftPackageReference "generative-ai-swift" */;
			productName = GoogleGenerativeAI;
		};
/* End XCSwiftPackageProductDependency section */
	};
	rootObject = D94CAF692BF82801009AC3E1 /* Project object */;
}
