// !$*UTF8*$!
{
	archiveVersion = 1;
	classes = {
	};
	objectVersion = 56;
	objects = {

/* Begin PBXBuildFile section */
		D94CAF752BF82801009AC3E1 /* VaultApp.swift in Sources */ = {isa = PBXBuildFile; fileRef = D94CAF742BF82801009AC3E1 /* VaultApp.swift */; };
		D94CAF772BF82801009AC3E1 /* MainSearch.swift in Sources */ = {isa = PBXBuildFile; fileRef = D94CAF762BF82801009AC3E1 /* MainSearch.swift */; };
		D94CAF792BF82801009AC3E1 /* Item.swift in Sources */ = {isa = PBXBuildFile; fileRef = D94CAF782BF82801009AC3E1 /* Item.swift */; };
		D94CAF7B2BF82803009AC3E1 /* Assets.xcassets in Resources */ = {isa = PBXBuildFile; fileRef = D94CAF7A2BF82803009AC3E1 /* Assets.xcassets */; };
		D94CAF7E2BF82803009AC3E1 /* Preview Assets.xcassets in Resources */ = {isa = PBXBuildFile; fileRef = D94CAF7D2BF82803009AC3E1 /* Preview Assets.xcassets */; };
		D94CAF892BF82804009AC3E1 /* HotkeyLoop.swift in Sources */ = {isa = PBXBuildFile; fileRef = D94CAF882BF82804009AC3E1 /* HotkeyLoop.swift */; };
		D94CAF932BF82804009AC3E1 /* VaultUITests.swift in Sources */ = {isa = PBXBuildFile; fileRef = D94CAF922BF82804009AC3E1 /* VaultUITests.swift */; };
		D94CAF952BF82804009AC3E1 /* VaultUITestsLaunchTests.swift in Sources */ = {isa = PBXBuildFile; fileRef = D94CAF942BF82804009AC3E1 /* VaultUITestsLaunchTests.swift */; };
		D94CAFA32BF9513B009AC3E1 /* HotkeyLoop.swift in Sources */ = {isa = PBXBuildFile; fileRef = D94CAFA22BF9513B009AC3E1 /* HotkeyLoop.swift */; };
		D94CAFAA2BF95AB6009AC3E1 /* .gitignore.rtf in Resources */ = {isa = PBXBuildFile; fileRef = D94CAFA92BF95AB6009AC3E1 /* .gitignore.rtf */; };
		D94CAFB22BF99DBE009AC3E1 /* DirectorySearch.swift in Sources */ = {isa = PBXBuildFile; fileRef = D94CAFB12BF99DBE009AC3E1 /* DirectorySearch.swift */; };
		D94CAFB42BF99E7F009AC3E1 /* SearchBar.swift in Sources */ = {isa = PBXBuildFile; fileRef = D94CAFB32BF99E7F009AC3E1 /* SearchBar.swift */; };
/* End PBXBuildFile section */

/* Begin PBXContainerItemProxy section */
		D94CAF852BF82804009AC3E1 /* PBXContainerItemProxy */ = {
			isa = PBXContainerItemProxy;
			containerPortal = D94CAF692BF82801009AC3E1 /* Project object */;
			proxyType = 1;
			remoteGlobalIDString = D94CAF702BF82801009AC3E1;
			remoteInfo = Vault;
		};
		D94CAF8F2BF82804009AC3E1 /* PBXContainerItemProxy */ = {
			isa = PBXContainerItemProxy;
			containerPortal = D94CAF692BF82801009AC3E1 /* Project object */;
			proxyType = 1;
			remoteGlobalIDString = D94CAF702BF82801009AC3E1;
			remoteInfo = Vault;
		};
/* End PBXContainerItemProxy section */

/* Begin PBXFileReference section */
		D94CAF712BF82801009AC3E1 /* Vault.app */ = {isa = PBXFileReference; explicitFileType = wrapper.application; includeInIndex = 0; path = Vault.app; sourceTree = BUILT_PRODUCTS_DIR; };
		D94CAF742BF82801009AC3E1 /* VaultApp.swift */ = {isa = PBXFileReference; lastKnownFileType = sourcecode.swift; path = VaultApp.swift; sourceTree = "<group>"; };
		D94CAF762BF82801009AC3E1 /* MainSearch.swift */ = {isa = PBXFileReference; lastKnownFileType = sourcecode.swift; path = MainSearch.swift; sourceTree = "<group>"; };
		D94CAF782BF82801009AC3E1 /* Item.swift */ = {isa = PBXFileReference; lastKnownFileType = sourcecode.swift; path = Item.swift; sourceTree = "<group>"; };
		D94CAF7A2BF82803009AC3E1 /* Assets.xcassets */ = {isa = PBXFileReference; lastKnownFileType = folder.assetcatalog; path = Assets.xcassets; sourceTree = "<group>"; };
		D94CAF7D2BF82803009AC3E1 /* Preview Assets.xcassets */ = {isa = PBXFileReference; lastKnownFileType = folder.assetcatalog; path = "Preview Assets.xcassets"; sourceTree = "<group>"; };
		D94CAF7F2BF82803009AC3E1 /* Vault.entitlements */ = {isa = PBXFileReference; lastKnownFileType = text.plist.entitlements; path = Vault.entitlements; sourceTree = "<group>"; };
		D94CAF842BF82804009AC3E1 /* VaultTests.xctest */ = {isa = PBXFileReference; explicitFileType = wrapper.cfbundle; includeInIndex = 0; path = VaultTests.xctest; sourceTree = BUILT_PRODUCTS_DIR; };
		D94CAF882BF82804009AC3E1 /* HotkeyLoop.swift */ = {isa = PBXFileReference; lastKnownFileType = sourcecode.swift; path = HotkeyLoop.swift; sourceTree = "<group>"; };
		D94CAF8E2BF82804009AC3E1 /* VaultUITests.xctest */ = {isa = PBXFileReference; explicitFileType = wrapper.cfbundle; includeInIndex = 0; path = VaultUITests.xctest; sourceTree = BUILT_PRODUCTS_DIR; };
		D94CAF922BF82804009AC3E1 /* VaultUITests.swift */ = {isa = PBXFileReference; lastKnownFileType = sourcecode.swift; path = VaultUITests.swift; sourceTree = "<group>"; };
		D94CAF942BF82804009AC3E1 /* VaultUITestsLaunchTests.swift */ = {isa = PBXFileReference; lastKnownFileType = sourcecode.swift; path = VaultUITestsLaunchTests.swift; sourceTree = "<group>"; };
		D94CAFA22BF9513B009AC3E1 /* HotkeyLoop.swift */ = {isa = PBXFileReference; lastKnownFileType = sourcecode.swift; path = HotkeyLoop.swift; sourceTree = "<group>"; };
		D94CAFA92BF95AB6009AC3E1 /* .gitignore.rtf */ = {isa = PBXFileReference; fileEncoding = 4; lastKnownFileType = text.rtf; path = .gitignore.rtf; sourceTree = "<group>"; };
		D94CAFB12BF99DBE009AC3E1 /* DirectorySearch.swift */ = {isa = PBXFileReference; lastKnownFileType = sourcecode.swift; path = DirectorySearch.swift; sourceTree = "<group>"; };
		D94CAFB32BF99E7F009AC3E1 /* SearchBar.swift */ = {isa = PBXFileReference; lastKnownFileType = sourcecode.swift; path = SearchBar.swift; sourceTree = "<group>"; };
/* End PBXFileReference section */

/* Begin PBXFrameworksBuildPhase section */
		D94CAF6E2BF82801009AC3E1 /* Frameworks */ = {
			isa = PBXFrameworksBuildPhase;
			buildActionMask = 2147483647;
			files = (
			);
			runOnlyForDeploymentPostprocessing = 0;
		};
		D94CAF812BF82804009AC3E1 /* Frameworks */ = {
			isa = PBXFrameworksBuildPhase;
			buildActionMask = 2147483647;
			files = (
			);
			runOnlyForDeploymentPostprocessing = 0;
		};
		D94CAF8B2BF82804009AC3E1 /* Frameworks */ = {
			isa = PBXFrameworksBuildPhase;
			buildActionMask = 2147483647;
			files = (
			);
			runOnlyForDeploymentPostprocessing = 0;
		};
/* End PBXFrameworksBuildPhase section */

/* Begin PBXGroup section */
		D94CAF682BF82801009AC3E1 = {
			isa = PBXGroup;
			children = (
				D94CAFA92BF95AB6009AC3E1 /* .gitignore.rtf */,
				D94CAF732BF82801009AC3E1 /* Vault */,
				D94CAF872BF82804009AC3E1 /* VaultTests */,
				D94CAF912BF82804009AC3E1 /* VaultUITests */,
				D94CAF722BF82801009AC3E1 /* Products */,
				D94CAFAB2BF95BE6009AC3E1 /* Frameworks */,
			);
			sourceTree = "<group>";
		};
		D94CAF722BF82801009AC3E1 /* Products */ = {
			isa = PBXGroup;
			children = (
				D94CAF712BF82801009AC3E1 /* Vault.app */,
				D94CAF842BF82804009AC3E1 /* VaultTests.xctest */,
				D94CAF8E2BF82804009AC3E1 /* VaultUITests.xctest */,
			);
			name = Products;
			sourceTree = "<group>";
		};
		D94CAF732BF82801009AC3E1 /* Vault */ = {
			isa = PBXGroup;
			children = (
				D94CAFAE2BF99D4C009AC3E1 /* Views */,
				D94CAFA12BF95123009AC3E1 /* Services */,
				D94CAF742BF82801009AC3E1 /* VaultApp.swift */,
				D94CAF782BF82801009AC3E1 /* Item.swift */,
				D94CAF7A2BF82803009AC3E1 /* Assets.xcassets */,
				D94CAF7F2BF82803009AC3E1 /* Vault.entitlements */,
				D94CAF7C2BF82803009AC3E1 /* Preview Content */,
			);
			path = Vault;
			sourceTree = "<group>";
		};
		D94CAF7C2BF82803009AC3E1 /* Preview Content */ = {
			isa = PBXGroup;
			children = (
				D94CAF7D2BF82803009AC3E1 /* Preview Assets.xcassets */,
			);
			path = "Preview Content";
			sourceTree = "<group>";
		};
		D94CAF872BF82804009AC3E1 /* VaultTests */ = {
			isa = PBXGroup;
			children = (
				D94CAF882BF82804009AC3E1 /* HotkeyLoop.swift */,
			);
			path = VaultTests;
			sourceTree = "<group>";
		};
		D94CAF912BF82804009AC3E1 /* VaultUITests */ = {
			isa = PBXGroup;
			children = (
				D94CAF922BF82804009AC3E1 /* VaultUITests.swift */,
				D94CAF942BF82804009AC3E1 /* VaultUITestsLaunchTests.swift */,
			);
			path = VaultUITests;
			sourceTree = "<group>";
		};
		D94CAFA12BF95123009AC3E1 /* Services */ = {
			isa = PBXGroup;
			children = (
				D94CAFA22BF9513B009AC3E1 /* HotkeyLoop.swift */,
			);
			path = Services;
			sourceTree = "<group>";
		};
		D94CAFAB2BF95BE6009AC3E1 /* Frameworks */ = {
			isa = PBXGroup;
			children = (
			);
			name = Frameworks;
			sourceTree = "<group>";
		};
		D94CAFAE2BF99D4C009AC3E1 /* Views */ = {
			isa = PBXGroup;
			children = (
				D94CAF762BF82801009AC3E1 /* MainSearch.swift */,
				D94CAFB12BF99DBE009AC3E1 /* DirectorySearch.swift */,
				D94CAFB32BF99E7F009AC3E1 /* SearchBar.swift */,
			);
			path = Views;
			sourceTree = "<group>";
		};
/* End PBXGroup section */

/* Begin PBXNativeTarget section */
		D94CAF702BF82801009AC3E1 /* Vault */ = {
			isa = PBXNativeTarget;
			buildConfigurationList = D94CAF982BF82804009AC3E1 /* Build configuration list for PBXNativeTarget "Vault" */;
			buildPhases = (
				D94CAF6D2BF82801009AC3E1 /* Sources */,
				D94CAF6E2BF82801009AC3E1 /* Frameworks */,
				D94CAF6F2BF82801009AC3E1 /* Resources */,
			);
			buildRules = (
			);
			dependencies = (
			);
			name = Vault;
			productName = Vault;
			productReference = D94CAF712BF82801009AC3E1 /* Vault.app */;
			productType = "com.apple.product-type.application";
		};
		D94CAF832BF82804009AC3E1 /* VaultTests */ = {
			isa = PBXNativeTarget;
			buildConfigurationList = D94CAF9B2BF82804009AC3E1 /* Build configuration list for PBXNativeTarget "VaultTests" */;
			buildPhases = (
				A0B95C22BBB8E5C13FF01CF5 /* Generate Mockingbird Mocks */,
				D94CAF802BF82804009AC3E1 /* Sources */,
				D94CAF812BF82804009AC3E1 /* Frameworks */,
				D94CAF822BF82804009AC3E1 /* Resources */,
			);
			buildRules = (
			);
			dependencies = (
				D94CAF862BF82804009AC3E1 /* PBXTargetDependency */,
			);
			name = VaultTests;
			packageProductDependencies = (
			);
			productName = VaultTests;
			productReference = D94CAF842BF82804009AC3E1 /* VaultTests.xctest */;
			productType = "com.apple.product-type.bundle.unit-test";
		};
		D94CAF8D2BF82804009AC3E1 /* VaultUITests */ = {
			isa = PBXNativeTarget;
			buildConfigurationList = D94CAF9E2BF82804009AC3E1 /* Build configuration list for PBXNativeTarget "VaultUITests" */;
			buildPhases = (
				D94CAF8A2BF82804009AC3E1 /* Sources */,
				D94CAF8B2BF82804009AC3E1 /* Frameworks */,
				D94CAF8C2BF82804009AC3E1 /* Resources */,
			);
			buildRules = (
			);
			dependencies = (
				D94CAF902BF82804009AC3E1 /* PBXTargetDependency */,
			);
			name = VaultUITests;
			productName = VaultUITests;
			productReference = D94CAF8E2BF82804009AC3E1 /* VaultUITests.xctest */;
			productType = "com.apple.product-type.bundle.ui-testing";
		};
/* End PBXNativeTarget section */

/* Begin PBXProject section */
		D94CAF692BF82801009AC3E1 /* Project object */ = {
			isa = PBXProject;
			attributes = {
				BuildIndependentTargetsInParallel = 1;
				LastSwiftUpdateCheck = 1500;
				LastUpgradeCheck = 1500;
				TargetAttributes = {
					D94CAF702BF82801009AC3E1 = {
						CreatedOnToolsVersion = 15.0.1;
					};
					D94CAF832BF82804009AC3E1 = {
						CreatedOnToolsVersion = 15.0.1;
						TestTargetID = D94CAF702BF82801009AC3E1;
					};
					D94CAF8D2BF82804009AC3E1 = {
						CreatedOnToolsVersion = 15.0.1;
						TestTargetID = D94CAF702BF82801009AC3E1;
					};
				};
			};
			buildConfigurationList = D94CAF6C2BF82801009AC3E1 /* Build configuration list for PBXProject "Vault" */;
			compatibilityVersion = "Xcode 14.0";
			developmentRegion = en;
			hasScannedForEncodings = 0;
			knownRegions = (
				en,
				Base,
			);
			mainGroup = D94CAF682BF82801009AC3E1;
			packageReferences = (
			);
			productRefGroup = D94CAF722BF82801009AC3E1 /* Products */;
			projectDirPath = "";
			projectRoot = "";
			targets = (
				D94CAF702BF82801009AC3E1 /* Vault */,
				D94CAF832BF82804009AC3E1 /* VaultTests */,
				D94CAF8D2BF82804009AC3E1 /* VaultUITests */,
			);
		};
/* End PBXProject section */

/* Begin PBXResourcesBuildPhase section */
		D94CAF6F2BF82801009AC3E1 /* Resources */ = {
			isa = PBXResourcesBuildPhase;
			buildActionMask = 2147483647;
			files = (
				D94CAF7E2BF82803009AC3E1 /* Preview Assets.xcassets in Resources */,
				D94CAFAA2BF95AB6009AC3E1 /* .gitignore.rtf in Resources */,
				D94CAF7B2BF82803009AC3E1 /* Assets.xcassets in Resources */,
			);
			runOnlyForDeploymentPostprocessing = 0;
		};
		D94CAF822BF82804009AC3E1 /* Resources */ = {
			isa = PBXResourcesBuildPhase;
			buildActionMask = 2147483647;
			files = (
			);
			runOnlyForDeploymentPostprocessing = 0;
		};
		D94CAF8C2BF82804009AC3E1 /* Resources */ = {
			isa = PBXResourcesBuildPhase;
			buildActionMask = 2147483647;
			files = (
			);
			runOnlyForDeploymentPostprocessing = 0;
		};
/* End PBXResourcesBuildPhase section */

/* Begin PBXShellScriptBuildPhase section */
		A0B95C22BBB8E5C13FF01CF5 /* Generate Mockingbird Mocks */ = {
			isa = PBXShellScriptBuildPhase;
			alwaysOutOfDate = 1;
			buildActionMask = 2147483647;
			files = (
			);
			inputPaths = (
			);
			name = "Generate Mockingbird Mocks";
			outputPaths = (
				"$(SRCROOT)/MockingbirdMocks/VaultTests-VaultMocks.generated.swift",
			);
			runOnlyForDeploymentPostprocessing = 0;
			shellPath = /bin/sh;
			shellScript = "set -eu\n\n# Prevent Xcode 13 from running this script while indexing.\n[[ \"${ACTION}\" == \"indexbuild\" ]] && exit 0\n\n# Infer the derived data location from the build environment.\n[[ -z \"${DERIVED_DATA+x}\" ]] && DERIVED_DATA=\"$(echo \"${BUILD_ROOT}\" | sed -n 's|\\(.*\\)/Build/.*|\\1|p')\"\n\n\"${DERIVED_DATA}/SourcePackages/checkouts/mockingbird/mockingbird\" generate --targets \"Vault\" --outputs \"${SRCROOT}/MockingbirdMocks/VaultTests-VaultMocks.generated.swift\"\n";
		};
/* End PBXShellScriptBuildPhase section */

/* Begin PBXSourcesBuildPhase section */
		D94CAF6D2BF82801009AC3E1 /* Sources */ = {
			isa = PBXSourcesBuildPhase;
			buildActionMask = 2147483647;
			files = (
				D94CAF772BF82801009AC3E1 /* MainSearch.swift in Sources */,
				D94CAFA32BF9513B009AC3E1 /* HotkeyLoop.swift in Sources */,
				D94CAF792BF82801009AC3E1 /* Item.swift in Sources */,
				D94CAF752BF82801009AC3E1 /* VaultApp.swift in Sources */,
				D94CAFB22BF99DBE009AC3E1 /* DirectorySearch.swift in Sources */,
				D94CAFB42BF99E7F009AC3E1 /* SearchBar.swift in Sources */,
			);
			runOnlyForDeploymentPostprocessing = 0;
		};
		D94CAF802BF82804009AC3E1 /* Sources */ = {
			isa = PBXSourcesBuildPhase;
			buildActionMask = 2147483647;
			files = (
				D94CAF892BF82804009AC3E1 /* HotkeyLoop.swift in Sources */,
			);
			runOnlyForDeploymentPostprocessing = 0;
		};
		D94CAF8A2BF82804009AC3E1 /* Sources */ = {
			isa = PBXSourcesBuildPhase;
			buildActionMask = 2147483647;
			files = (
				D94CAF932BF82804009AC3E1 /* VaultUITests.swift in Sources */,
				D94CAF952BF82804009AC3E1 /* VaultUITestsLaunchTests.swift in Sources */,
			);
			runOnlyForDeploymentPostprocessing = 0;
		};
/* End PBXSourcesBuildPhase section */

/* Begin PBXTargetDependency section */
		D94CAF862BF82804009AC3E1 /* PBXTargetDependency */ = {
			isa = PBXTargetDependency;
			target = D94CAF702BF82801009AC3E1 /* Vault */;
			targetProxy = D94CAF852BF82804009AC3E1 /* PBXContainerItemProxy */;
		};
		D94CAF902BF82804009AC3E1 /* PBXTargetDependency */ = {
			isa = PBXTargetDependency;
			target = D94CAF702BF82801009AC3E1 /* Vault */;
			targetProxy = D94CAF8F2BF82804009AC3E1 /* PBXContainerItemProxy */;
		};
/* End PBXTargetDependency section */

/* Begin XCBuildConfiguration section */
		D94CAF962BF82804009AC3E1 /* Debug */ = {
			isa = XCBuildConfiguration;
			buildSettings = {
				ALWAYS_SEARCH_USER_PATHS = NO;
				ASSETCATALOG_COMPILER_GENERATE_SWIFT_ASSET_SYMBOL_EXTENSIONS = YES;
				CLANG_ANALYZER_NONNULL = YES;
				CLANG_ANALYZER_NUMBER_OBJECT_CONVERSION = YES_AGGRESSIVE;
				CLANG_CXX_LANGUAGE_STANDARD = "gnu++20";
				CLANG_ENABLE_MODULES = YES;
				CLANG_ENABLE_OBJC_ARC = YES;
				CLANG_ENABLE_OBJC_WEAK = YES;
				CLANG_WARN_BLOCK_CAPTURE_AUTORELEASING = YES;
				CLANG_WARN_BOOL_CONVERSION = YES;
				CLANG_WARN_COMMA = YES;
				CLANG_WARN_CONSTANT_CONVERSION = YES;
				CLANG_WARN_DEPRECATED_OBJC_IMPLEMENTATIONS = YES;
				CLANG_WARN_DIRECT_OBJC_ISA_USAGE = YES_ERROR;
				CLANG_WARN_DOCUMENTATION_COMMENTS = YES;
				CLANG_WARN_EMPTY_BODY = YES;
				CLANG_WARN_ENUM_CONVERSION = YES;
				CLANG_WARN_INFINITE_RECURSION = YES;
				CLANG_WARN_INT_CONVERSION = YES;
				CLANG_WARN_NON_LITERAL_NULL_CONVERSION = YES;
				CLANG_WARN_OBJC_IMPLICIT_RETAIN_SELF = YES;
				CLANG_WARN_OBJC_LITERAL_CONVERSION = YES;
				CLANG_WARN_OBJC_ROOT_CLASS = YES_ERROR;
				CLANG_WARN_QUOTED_INCLUDE_IN_FRAMEWORK_HEADER = YES;
				CLANG_WARN_RANGE_LOOP_ANALYSIS = YES;
				CLANG_WARN_STRICT_PROTOTYPES = YES;
				CLANG_WARN_SUSPICIOUS_MOVE = YES;
				CLANG_WARN_UNGUARDED_AVAILABILITY = YES_AGGRESSIVE;
				CLANG_WARN_UNREACHABLE_CODE = YES;
				CLANG_WARN__DUPLICATE_METHOD_MATCH = YES;
				COPY_PHASE_STRIP = NO;
				DEBUG_INFORMATION_FORMAT = dwarf;
				ENABLE_STRICT_OBJC_MSGSEND = YES;
				ENABLE_TESTABILITY = YES;
				ENABLE_USER_SCRIPT_SANDBOXING = NO;
				GCC_C_LANGUAGE_STANDARD = gnu17;
				GCC_DYNAMIC_NO_PIC = NO;
				GCC_NO_COMMON_BLOCKS = YES;
				GCC_OPTIMIZATION_LEVEL = 0;
				GCC_PREPROCESSOR_DEFINITIONS = (
					"DEBUG=1",
					"$(inherited)",
				);
				GCC_WARN_64_TO_32_BIT_CONVERSION = YES;
				GCC_WARN_ABOUT_RETURN_TYPE = YES_ERROR;
				GCC_WARN_UNDECLARED_SELECTOR = YES;
				GCC_WARN_UNINITIALIZED_AUTOS = YES_AGGRESSIVE;
				GCC_WARN_UNUSED_FUNCTION = YES;
				GCC_WARN_UNUSED_VARIABLE = YES;
				LOCALIZATION_PREFERS_STRING_CATALOGS = YES;
				MACOSX_DEPLOYMENT_TARGET = 14.0;
				MTL_ENABLE_DEBUG_INFO = INCLUDE_SOURCE;
				MTL_FAST_MATH = YES;
				ONLY_ACTIVE_ARCH = YES;
				SDKROOT = macosx;
				SWIFT_ACTIVE_COMPILATION_CONDITIONS = "DEBUG $(inherited)";
				SWIFT_OPTIMIZATION_LEVEL = "-Onone";
			};
			name = Debug;
		};
		D94CAF972BF82804009AC3E1 /* Release */ = {
			isa = XCBuildConfiguration;
			buildSettings = {
				ALWAYS_SEARCH_USER_PATHS = NO;
				ASSETCATALOG_COMPILER_GENERATE_SWIFT_ASSET_SYMBOL_EXTENSIONS = YES;
				CLANG_ANALYZER_NONNULL = YES;
				CLANG_ANALYZER_NUMBER_OBJECT_CONVERSION = YES_AGGRESSIVE;
				CLANG_CXX_LANGUAGE_STANDARD = "gnu++20";
				CLANG_ENABLE_MODULES = YES;
				CLANG_ENABLE_OBJC_ARC = YES;
				CLANG_ENABLE_OBJC_WEAK = YES;
				CLANG_WARN_BLOCK_CAPTURE_AUTORELEASING = YES;
				CLANG_WARN_BOOL_CONVERSION = YES;
				CLANG_WARN_COMMA = YES;
				CLANG_WARN_CONSTANT_CONVERSION = YES;
				CLANG_WARN_DEPRECATED_OBJC_IMPLEMENTATIONS = YES;
				CLANG_WARN_DIRECT_OBJC_ISA_USAGE = YES_ERROR;
				CLANG_WARN_DOCUMENTATION_COMMENTS = YES;
				CLANG_WARN_EMPTY_BODY = YES;
				CLANG_WARN_ENUM_CONVERSION = YES;
				CLANG_WARN_INFINITE_RECURSION = YES;
				CLANG_WARN_INT_CONVERSION = YES;
				CLANG_WARN_NON_LITERAL_NULL_CONVERSION = YES;
				CLANG_WARN_OBJC_IMPLICIT_RETAIN_SELF = YES;
				CLANG_WARN_OBJC_LITERAL_CONVERSION = YES;
				CLANG_WARN_OBJC_ROOT_CLASS = YES_ERROR;
				CLANG_WARN_QUOTED_INCLUDE_IN_FRAMEWORK_HEADER = YES;
				CLANG_WARN_RANGE_LOOP_ANALYSIS = YES;
				CLANG_WARN_STRICT_PROTOTYPES = YES;
				CLANG_WARN_SUSPICIOUS_MOVE = YES;
				CLANG_WARN_UNGUARDED_AVAILABILITY = YES_AGGRESSIVE;
				CLANG_WARN_UNREACHABLE_CODE = YES;
				CLANG_WARN__DUPLICATE_METHOD_MATCH = YES;
				COPY_PHASE_STRIP = NO;
				DEBUG_INFORMATION_FORMAT = "dwarf-with-dsym";
				ENABLE_NS_ASSERTIONS = NO;
				ENABLE_STRICT_OBJC_MSGSEND = YES;
				ENABLE_USER_SCRIPT_SANDBOXING = NO;
				GCC_C_LANGUAGE_STANDARD = gnu17;
				GCC_NO_COMMON_BLOCKS = YES;
				GCC_WARN_64_TO_32_BIT_CONVERSION = YES;
				GCC_WARN_ABOUT_RETURN_TYPE = YES_ERROR;
				GCC_WARN_UNDECLARED_SELECTOR = YES;
				GCC_WARN_UNINITIALIZED_AUTOS = YES_AGGRESSIVE;
				GCC_WARN_UNUSED_FUNCTION = YES;
				GCC_WARN_UNUSED_VARIABLE = YES;
				LOCALIZATION_PREFERS_STRING_CATALOGS = YES;
				MACOSX_DEPLOYMENT_TARGET = 14.0;
				MTL_ENABLE_DEBUG_INFO = NO;
				MTL_FAST_MATH = YES;
				SDKROOT = macosx;
				SWIFT_COMPILATION_MODE = wholemodule;
			};
			name = Release;
		};
		D94CAF992BF82804009AC3E1 /* Debug */ = {
			isa = XCBuildConfiguration;
			buildSettings = {
				ASSETCATALOG_COMPILER_APPICON_NAME = AppIcon;
				ASSETCATALOG_COMPILER_GLOBAL_ACCENT_COLOR_NAME = AccentColor;
				CODE_SIGN_ENTITLEMENTS = Vault/Vault.entitlements;
				"CODE_SIGN_IDENTITY[sdk=macosx*]" = "Apple Development";
				CODE_SIGN_STYLE = Automatic;
				COMBINE_HIDPI_IMAGES = YES;
				CURRENT_PROJECT_VERSION = 1;
				DEVELOPMENT_ASSET_PATHS = "\"Vault/Preview Content\"";
				DEVELOPMENT_TEAM = 4ZQHT294V9;
				ENABLE_HARDENED_RUNTIME = YES;
				ENABLE_PREVIEWS = YES;
				GENERATE_INFOPLIST_FILE = YES;
				INFOPLIST_KEY_LSUIElement = YES;
				INFOPLIST_KEY_NSHumanReadableCopyright = "";
				LD_RUNPATH_SEARCH_PATHS = (
					"$(inherited)",
					"@executable_path/../Frameworks",
				);
				MACOSX_DEPLOYMENT_TARGET = 14.0;
				MARKETING_VERSION = 1.0;
				PRODUCT_BUNDLE_IDENTIFIER = AVesich.Vault;
				PRODUCT_NAME = "$(TARGET_NAME)";
				SWIFT_EMIT_LOC_STRINGS = YES;
				SWIFT_VERSION = 5.0;
			};
			name = Debug;
		};
		D94CAF9A2BF82804009AC3E1 /* Release */ = {
			isa = XCBuildConfiguration;
			buildSettings = {
				ASSETCATALOG_COMPILER_APPICON_NAME = AppIcon;
				ASSETCATALOG_COMPILER_GLOBAL_ACCENT_COLOR_NAME = AccentColor;
				CODE_SIGN_ENTITLEMENTS = Vault/Vault.entitlements;
				"CODE_SIGN_IDENTITY[sdk=macosx*]" = "Apple Development";
				CODE_SIGN_STYLE = Automatic;
				COMBINE_HIDPI_IMAGES = YES;
				CURRENT_PROJECT_VERSION = 1;
				DEVELOPMENT_ASSET_PATHS = "\"Vault/Preview Content\"";
				DEVELOPMENT_TEAM = 4ZQHT294V9;
				ENABLE_HARDENED_RUNTIME = YES;
				ENABLE_PREVIEWS = YES;
				GENERATE_INFOPLIST_FILE = YES;
				INFOPLIST_KEY_LSUIElement = YES;
				INFOPLIST_KEY_NSHumanReadableCopyright = "";
				LD_RUNPATH_SEARCH_PATHS = (
					"$(inherited)",
					"@executable_path/../Frameworks",
				);
				MACOSX_DEPLOYMENT_TARGET = 14.0;
				MARKETING_VERSION = 1.0;
				PRODUCT_BUNDLE_IDENTIFIER = AVesich.Vault;
				PRODUCT_NAME = "$(TARGET_NAME)";
				SWIFT_EMIT_LOC_STRINGS = YES;
				SWIFT_VERSION = 5.0;
			};
			name = Release;
		};
		D94CAF9C2BF82804009AC3E1 /* Debug */ = {
			isa = XCBuildConfiguration;
			buildSettings = {
				ALWAYS_EMBED_SWIFT_STANDARD_LIBRARIES = YES;
				BUNDLE_LOADER = "$(TEST_HOST)";
				CODE_SIGN_STYLE = Automatic;
				CURRENT_PROJECT_VERSION = 1;
				DEVELOPMENT_TEAM = 4ZQHT294V9;
				GENERATE_INFOPLIST_FILE = YES;
				MACOSX_DEPLOYMENT_TARGET = 14.0;
				MARKETING_VERSION = 1.0;
				PRODUCT_BUNDLE_IDENTIFIER = AVesich.VaultTests;
				PRODUCT_NAME = "$(TARGET_NAME)";
				SWIFT_EMIT_LOC_STRINGS = NO;
				SWIFT_VERSION = 5.0;
				TEST_HOST = "$(BUILT_PRODUCTS_DIR)/Vault.app/$(BUNDLE_EXECUTABLE_FOLDER_PATH)/Vault";
			};
			name = Debug;
		};
		D94CAF9D2BF82804009AC3E1 /* Release */ = {
			isa = XCBuildConfiguration;
			buildSettings = {
				ALWAYS_EMBED_SWIFT_STANDARD_LIBRARIES = YES;
				BUNDLE_LOADER = "$(TEST_HOST)";
				CODE_SIGN_STYLE = Automatic;
				CURRENT_PROJECT_VERSION = 1;
				DEVELOPMENT_TEAM = 4ZQHT294V9;
				GENERATE_INFOPLIST_FILE = YES;
				MACOSX_DEPLOYMENT_TARGET = 14.0;
				MARKETING_VERSION = 1.0;
				PRODUCT_BUNDLE_IDENTIFIER = AVesich.VaultTests;
				PRODUCT_NAME = "$(TARGET_NAME)";
				SWIFT_EMIT_LOC_STRINGS = NO;
				SWIFT_VERSION = 5.0;
				TEST_HOST = "$(BUILT_PRODUCTS_DIR)/Vault.app/$(BUNDLE_EXECUTABLE_FOLDER_PATH)/Vault";
			};
			name = Release;
		};
		D94CAF9F2BF82804009AC3E1 /* Debug */ = {
			isa = XCBuildConfiguration;
			buildSettings = {
				ALWAYS_EMBED_SWIFT_STANDARD_LIBRARIES = YES;
				CODE_SIGN_STYLE = Automatic;
				CURRENT_PROJECT_VERSION = 1;
				DEVELOPMENT_TEAM = 4ZQHT294V9;
				GENERATE_INFOPLIST_FILE = YES;
				MARKETING_VERSION = 1.0;
				PRODUCT_BUNDLE_IDENTIFIER = AVesich.VaultUITests;
				PRODUCT_NAME = "$(TARGET_NAME)";
				SWIFT_EMIT_LOC_STRINGS = NO;
				SWIFT_VERSION = 5.0;
				TEST_TARGET_NAME = Vault;
			};
			name = Debug;
		};
		D94CAFA02BF82804009AC3E1 /* Release */ = {
			isa = XCBuildConfiguration;
			buildSettings = {
				ALWAYS_EMBED_SWIFT_STANDARD_LIBRARIES = YES;
				CODE_SIGN_STYLE = Automatic;
				CURRENT_PROJECT_VERSION = 1;
				DEVELOPMENT_TEAM = 4ZQHT294V9;
				GENERATE_INFOPLIST_FILE = YES;
				MARKETING_VERSION = 1.0;
				PRODUCT_BUNDLE_IDENTIFIER = AVesich.VaultUITests;
				PRODUCT_NAME = "$(TARGET_NAME)";
				SWIFT_EMIT_LOC_STRINGS = NO;
				SWIFT_VERSION = 5.0;
				TEST_TARGET_NAME = Vault;
			};
			name = Release;
		};
/* End XCBuildConfiguration section */

/* Begin XCConfigurationList section */
		D94CAF6C2BF82801009AC3E1 /* Build configuration list for PBXProject "Vault" */ = {
			isa = XCConfigurationList;
			buildConfigurations = (
				D94CAF962BF82804009AC3E1 /* Debug */,
				D94CAF972BF82804009AC3E1 /* Release */,
			);
			defaultConfigurationIsVisible = 0;
			defaultConfigurationName = Release;
		};
		D94CAF982BF82804009AC3E1 /* Build configuration list for PBXNativeTarget "Vault" */ = {
			isa = XCConfigurationList;
			buildConfigurations = (
				D94CAF992BF82804009AC3E1 /* Debug */,
				D94CAF9A2BF82804009AC3E1 /* Release */,
			);
			defaultConfigurationIsVisible = 0;
			defaultConfigurationName = Release;
		};
		D94CAF9B2BF82804009AC3E1 /* Build configuration list for PBXNativeTarget "VaultTests" */ = {
			isa = XCConfigurationList;
			buildConfigurations = (
				D94CAF9C2BF82804009AC3E1 /* Debug */,
				D94CAF9D2BF82804009AC3E1 /* Release */,
			);
			defaultConfigurationIsVisible = 0;
			defaultConfigurationName = Release;
		};
		D94CAF9E2BF82804009AC3E1 /* Build configuration list for PBXNativeTarget "VaultUITests" */ = {
			isa = XCConfigurationList;
			buildConfigurations = (
				D94CAF9F2BF82804009AC3E1 /* Debug */,
				D94CAFA02BF82804009AC3E1 /* Release */,
			);
			defaultConfigurationIsVisible = 0;
			defaultConfigurationName = Release;
		};
/* End XCConfigurationList section */
	};
	rootObject = D94CAF692BF82801009AC3E1 /* Project object */;
}
